
Microsoft Visual Studio Solution File, Format Version 12.00
# Visual Studio Version 16
VisualStudioVersion = 16.0.30320.27
MinimumVisualStudioVersion = 10.0.40219.1
Project("{FAE04EC0-301F-11D3-BF4B-00C04F79EFBC}") = "OdeToFood", "OdeToFood.csproj", "{471D94D9-599E-497B-B328-5A0C40E9C015}"
EndProject
Project("{FAE04EC0-301F-11D3-BF4B-00C04F79EFBC}") = "OdeToFood.Core", "..\OdeToFood.Core\OdeToFood.Core.csproj", "{B37B4DE3-E819-4A99-B6E9-2B638916E24A}"
EndProject
Project("{FAE04EC0-301F-11D3-BF4B-00C04F79EFBC}") = "OdeToFood.Data", "..\OdeToFood.Data\OdeToFood.Data.csproj", "{A54431C2-957B-45C8-88CB-35E44E5C8DB6}"
EndProject
Global
	GlobalSection(SolutionConfigurationPlatforms) = preSolution
		Debug|Any CPU = Debug|Any CPU
		Release|Any CPU = Release|Any CPU
	EndGlobalSection
	GlobalSection(ProjectConfigurationPlatforms) = postSolution
		{471D94D9-599E-497B-B328-5A0C40E9C015}.Debug|Any CPU.ActiveCfg = Debug|Any CPU
		{471D94D9-599E-497B-B328-5A0C40E9C015}.Debug|Any CPU.Build.0 = Debug|Any CPU
		{471D94D9-599E-497B-B328-5A0C40E9C015}.Release|Any CPU.ActiveCfg = Release|Any CPU
		{471D94D9-599E-497B-B328-5A0C40E9C015}.Release|Any CPU.Build.0 = Release|Any CPU
		{B37B4DE3-E819-4A99-B6E9-2B638916E24A}.Debug|Any CPU.ActiveCfg = Debug|Any CPU
		{B37B4DE3-E819-4A99-B6E9-2B638916E24A}.Debug|Any CPU.Build.0 = Debug|Any CPU
		{B37B4DE3-E819-4A99-B6E9-2B638916E24A}.Release|Any CPU.ActiveCfg = Release|Any CPU
		{B37B4DE3-E819-4A99-B6E9-2B638916E24A}.Release|Any CPU.Build.0 = Release|Any CPU
		{A54431C2-957B-45C8-88CB-35E44E5C8DB6}.Debug|Any CPU.ActiveCfg = Debug|Any CPU
		{A54431C2-957B-45C8-88CB-35E44E5C8DB6}.Debug|Any CPU.Build.0 = Debug|Any CPU
		{A54431C2-957B-45C8-88CB-35E44E5C8DB6}.Release|Any CPU.ActiveCfg = Release|Any CPU
		{A54431C2-957B-45C8-88CB-35E44E5C8DB6}.Release|Any CPU.Build.0 = Release|Any CPU
	EndGlobalSection
	GlobalSection(SolutionProperties) = preSolution
		HideSolutionNode = FALSE
	EndGlobalSection
	GlobalSection(ExtensibilityGlobals) = postSolution
		SolutionGuid = {B512CB46-CF37-4480-9000-E71E46EED70C}
	EndGlobalSection
EndGlobal
